
Microsoft Visual Studio Solution File, Format Version 12.00
# Visual Studio Version 17
VisualStudioVersion = 17.14.36109.1
MinimumVisualStudioVersion = 10.0.40219.1
Project("{8BC9CEB8-8B4A-11D0-8D11-00A0C91BC942}") = "DataGeneratorGUI", "DataGeneratorGUI\DataGeneratorGUI.vcxproj", "{47C4D25E-DC7C-4E97-90AE-11E76A137008}"
EndProject
Project("{8BC9CEB8-8B4A-11D0-8D11-00A0C91BC942}") = "DataGenerator", "DataGenerator\DataGenerator.vcxproj", "{2832F9A0-95A8-4691-A6D3-849B03ACBAEC}"
EndProject
Project("{8BC9CEB8-8B4A-11D0-8D11-00A0C91BC942}") = "DataGeneratorConsole", "DataGeneratorConsole\DataGeneratorConsole.vcxproj", "{F5B8DAB4-120D-4FAD-87F3-BE235E996F21}"
EndProject
Global
	GlobalSection(SolutionConfigurationPlatforms) = preSolution
		Debug|x64 = Debug|x64
		Debug|x86 = Debug|x86
		Release|x64 = Release|x64
		Release|x86 = Release|x86
	EndGlobalSection
	GlobalSection(ProjectConfigurationPlatforms) = postSolution
		{47C4D25E-DC7C-4E97-90AE-11E76A137008}.Debug|x64.ActiveCfg = Debug|x64
		{47C4D25E-DC7C-4E97-90AE-11E76A137008}.Debug|x64.Build.0 = Debug|x64
		{47C4D25E-DC7C-4E97-90AE-11E76A137008}.Debug|x86.ActiveCfg = Debug|Win32
		{47C4D25E-DC7C-4E97-90AE-11E76A137008}.Debug|x86.Build.0 = Debug|Win32
		{47C4D25E-DC7C-4E97-90AE-11E76A137008}.Release|x64.ActiveCfg = Release|x64
		{47C4D25E-DC7C-4E97-90AE-11E76A137008}.Release|x64.Build.0 = Release|x64
		{47C4D25E-DC7C-4E97-90AE-11E76A137008}.Release|x86.ActiveCfg = Release|Win32
		{47C4D25E-DC7C-4E97-90AE-11E76A137008}.Release|x86.Build.0 = Release|Win32
		{2832F9A0-95A8-4691-A6D3-849B03ACBAEC}.Debug|x64.ActiveCfg = Debug|x64
		{2832F9A0-95A8-4691-A6D3-849B03ACBAEC}.Debug|x64.Build.0 = Debug|x64
		{2832F9A0-95A8-4691-A6D3-849B03ACBAEC}.Debug|x86.ActiveCfg = Debug|Win32
		{2832F9A0-95A8-4691-A6D3-849B03ACBAEC}.Debug|x86.Build.0 = Debug|Win32
		{2832F9A0-95A8-4691-A6D3-849B03ACBAEC}.Release|x64.ActiveCfg = Release|x64
		{2832F9A0-95A8-4691-A6D3-849B03ACBAEC}.Release|x64.Build.0 = Release|x64
		{2832F9A0-95A8-4691-A6D3-849B03ACBAEC}.Release|x86.ActiveCfg = Release|Win32
		{2832F9A0-95A8-4691-A6D3-849B03ACBAEC}.Release|x86.Build.0 = Release|Win32
		{F5B8DAB4-120D-4FAD-87F3-BE235E996F21}.Debug|x64.ActiveCfg = Debug|x64
		{F5B8DAB4-120D-4FAD-87F3-BE235E996F21}.Debug|x64.Build.0 = Debug|x64
		{F5B8DAB4-120D-4FAD-87F3-BE235E996F21}.Debug|x86.ActiveCfg = Debug|Win32
		{F5B8DAB4-120D-4FAD-87F3-BE235E996F21}.Debug|x86.Build.0 = Debug|Win32
		{F5B8DAB4-120D-4FAD-87F3-BE235E996F21}.Release|x64.ActiveCfg = Release|x64
		{F5B8DAB4-120D-4FAD-87F3-BE235E996F21}.Release|x64.Build.0 = Release|x64
		{F5B8DAB4-120D-4FAD-87F3-BE235E996F21}.Release|x86.ActiveCfg = Release|Win32
		{F5B8DAB4-120D-4FAD-87F3-BE235E996F21}.Release|x86.Build.0 = Release|Win32
	EndGlobalSection
	GlobalSection(SolutionProperties) = preSolution
		HideSolutionNode = FALSE
	EndGlobalSection
	GlobalSection(ExtensibilityGlobals) = postSolution
		SolutionGuid = {F00A4A61-DCB0-42E2-A874-921ECF086E6A}
	EndGlobalSection
EndGlobal
